{
  "name": "FsiCAD",
  "lockfileVersion": 3,
  "requires": true,
  "packages": {
    "": {
      "dependencies": {
        "fsicad.webpack": "file:src/FsiCAD.Webpack"
      }
    },
    "node_modules/fsicad.webpack": {
      "version": "1.0.0",
      "resolved": "file:src/FsiCAD.Webpack"
    }
  }
}
