
Microsoft Visual Studio Solution File, Format Version 12.00
# Visual Studio Version 17
VisualStudioVersion = 17.6.33829.357
MinimumVisualStudioVersion = 10.0.40219.1
Project("{9A19103F-16F7-4668-BE54-9A1E7A4F7556}") = "FsiCAD.Server", "FsiCAD\Server\FsiCAD.Server.csproj", "{68BD2C0F-2DF2-4C98-B167-81B2C4785311}"
EndProject
Project("{9A19103F-16F7-4668-BE54-9A1E7A4F7556}") = "FsiCAD.Client", "FsiCAD\Client\FsiCAD.Client.csproj", "{BF360523-02AF-4944-A691-21A4A908103D}"
EndProject
Project("{9A19103F-16F7-4668-BE54-9A1E7A4F7556}") = "FsiCAD.Shared", "FsiCAD\Shared\FsiCAD.Shared.csproj", "{C25E1217-011F-43BA-997F-3489FFEEB8FF}"
EndProject
Project("{9A19103F-16F7-4668-BE54-9A1E7A4F7556}") = "FsiCAD.Components", "FsiCAD.Components\FsiCAD.Components.csproj", "{4ED516C5-E5BE-4994-B4E4-D1E47D254FBA}"
EndProject
Project("{54A90642-561A-4BB1-A94E-469ADEE60C69}") = "FsiCAD.Webpack", "FsiCAD.Webpack\FsiCAD.Webpack.esproj", "{12F19059-7EA6-4391-8557-6DC9D23C4DFD}"
EndProject
Project("{FAE04EC0-301F-11D3-BF4B-00C04F79EFBC}") = "FsiCAD.Core", "FsiCAD.Core\FsiCAD.Core.csproj", "{048D81BE-796D-4E87-816B-00D07E08E797}"
EndProject
Global
	GlobalSection(SolutionConfigurationPlatforms) = preSolution
		Debug|Any CPU = Debug|Any CPU
		Release|Any CPU = Release|Any CPU
	EndGlobalSection
	GlobalSection(ProjectConfigurationPlatforms) = postSolution
		{68BD2C0F-2DF2-4C98-B167-81B2C4785311}.Debug|Any CPU.ActiveCfg = Debug|Any CPU
		{68BD2C0F-2DF2-4C98-B167-81B2C4785311}.Debug|Any CPU.Build.0 = Debug|Any CPU
		{68BD2C0F-2DF2-4C98-B167-81B2C4785311}.Release|Any CPU.ActiveCfg = Release|Any CPU
		{68BD2C0F-2DF2-4C98-B167-81B2C4785311}.Release|Any CPU.Build.0 = Release|Any CPU
		{BF360523-02AF-4944-A691-21A4A908103D}.Debug|Any CPU.ActiveCfg = Debug|Any CPU
		{BF360523-02AF-4944-A691-21A4A908103D}.Debug|Any CPU.Build.0 = Debug|Any CPU
		{BF360523-02AF-4944-A691-21A4A908103D}.Release|Any CPU.ActiveCfg = Release|Any CPU
		{BF360523-02AF-4944-A691-21A4A908103D}.Release|Any CPU.Build.0 = Release|Any CPU
		{C25E1217-011F-43BA-997F-3489FFEEB8FF}.Debug|Any CPU.ActiveCfg = Debug|Any CPU
		{C25E1217-011F-43BA-997F-3489FFEEB8FF}.Debug|Any CPU.Build.0 = Debug|Any CPU
		{C25E1217-011F-43BA-997F-3489FFEEB8FF}.Release|Any CPU.ActiveCfg = Release|Any CPU
		{C25E1217-011F-43BA-997F-3489FFEEB8FF}.Release|Any CPU.Build.0 = Release|Any CPU
		{4ED516C5-E5BE-4994-B4E4-D1E47D254FBA}.Debug|Any CPU.ActiveCfg = Debug|Any CPU
		{4ED516C5-E5BE-4994-B4E4-D1E47D254FBA}.Debug|Any CPU.Build.0 = Debug|Any CPU
		{4ED516C5-E5BE-4994-B4E4-D1E47D254FBA}.Release|Any CPU.ActiveCfg = Release|Any CPU
		{4ED516C5-E5BE-4994-B4E4-D1E47D254FBA}.Release|Any CPU.Build.0 = Release|Any CPU
		{12F19059-7EA6-4391-8557-6DC9D23C4DFD}.Debug|Any CPU.ActiveCfg = Debug|Any CPU
		{12F19059-7EA6-4391-8557-6DC9D23C4DFD}.Release|Any CPU.ActiveCfg = Release|Any CPU
		{12F19059-7EA6-4391-8557-6DC9D23C4DFD}.Release|Any CPU.Build.0 = Release|Any CPU
		{12F19059-7EA6-4391-8557-6DC9D23C4DFD}.Release|Any CPU.Deploy.0 = Release|Any CPU
		{048D81BE-796D-4E87-816B-00D07E08E797}.Debug|Any CPU.ActiveCfg = Debug|Any CPU
		{048D81BE-796D-4E87-816B-00D07E08E797}.Debug|Any CPU.Build.0 = Debug|Any CPU
		{048D81BE-796D-4E87-816B-00D07E08E797}.Release|Any CPU.ActiveCfg = Release|Any CPU
		{048D81BE-796D-4E87-816B-00D07E08E797}.Release|Any CPU.Build.0 = Release|Any CPU
	EndGlobalSection
	GlobalSection(SolutionProperties) = preSolution
		HideSolutionNode = FALSE
	EndGlobalSection
	GlobalSection(ExtensibilityGlobals) = postSolution
		SolutionGuid = {D8987215-969D-4743-88CD-452743DD9DBD}
	EndGlobalSection
EndGlobal
